# THIS IS AN AUTOGENERATED FILE. DO NOT EDIT THIS FILE DIRECTLY.
# yarn lockfile v1


csv-parse@^4.15.3:
  version "4.16.3"
  resolved "https://registry.yarnpkg.com/csv-parse/-/csv-parse-4.16.3.tgz#7ca624d517212ebc520a36873c3478fa66efbaf7"
  integrity sha512-cO1I/zmz4w2dcKHVvpCr7JVRu8/FymG5OEpmvsZYlccYolPBLoVGKUHgNoc4ZGkFeFlWGEDmMyBM+TTqRdW/wg==

csv-string@^4.0.1:
  version "4.1.0"
  resolved "https://registry.yarnpkg.com/csv-string/-/csv-string-4.1.0.tgz#3fd5101e67cfb4e0f428f40263837044737f1457"
  integrity sha512-67UM45fosQvvh+HUvC8iNgg2B4UHWJ5Qud7TWy1EcbIQ9levAFKWudMk2k8U3LgXZP/Drr6eBwBwbSWq2N8HZA==

prismjs@^1.23.0:
  version "1.27.0"
  resolved "https://registry.yarnpkg.com/prismjs/-/prismjs-1.27.0.tgz#bb6ee3138a0b438a3653dd4d6ce0cc6510a45057"
  integrity sha512-t13BGPUlFDR7wRB5kQDG4jjl7XeuH6jbJGt11JHPL96qwsEHNX2+68tFXqc1/k+/jALsbSWJKUOT/hcYAZ5LkA==

react-simple-code-editor@^0.11.0:
  version "0.11.0"
  resolved "https://registry.yarnpkg.com/react-simple-code-editor/-/react-simple-code-editor-0.11.0.tgz#bb57c7c29b570f2ab229872599eac184f5bc673c"
  integrity sha512-xGfX7wAzspl113ocfKQAR8lWPhavGWHL3xSzNLeseDRHysT+jzRBi/ExdUqevSMos+7ZtdfeuBOXtgk9HTwsrw==
